
Microsoft Visual Studio Solution File, Format Version 12.00
# Visual Studio 15
VisualStudioVersion = 15.0.28010.2041
MinimumVisualStudioVersion = 10.0.40219.1
Project("{FAE04EC0-301F-11D3-BF4B-00C04F79EFBC}") = "geimas", "geimas\geimas.csproj", "{A15079BD-7011-461B-ACE0-A2266373C954}"
EndProject
Global
	GlobalSection(SolutionConfigurationPlatforms) = preSolution
		Debug|Any CPU = Debug|Any CPU
		Release|Any CPU = Release|Any CPU
	EndGlobalSection
	GlobalSection(ProjectConfigurationPlatforms) = postSolution
		{A15079BD-7011-461B-ACE0-A2266373C954}.Debug|Any CPU.ActiveCfg = Debug|Any CPU
		{A15079BD-7011-461B-ACE0-A2266373C954}.Debug|Any CPU.Build.0 = Debug|Any CPU
		{A15079BD-7011-461B-ACE0-A2266373C954}.Release|Any CPU.ActiveCfg = Release|Any CPU
		{A15079BD-7011-461B-ACE0-A2266373C954}.Release|Any CPU.Build.0 = Release|Any CPU
	EndGlobalSection
	GlobalSection(SolutionProperties) = preSolution
		HideSolutionNode = FALSE
	EndGlobalSection
	GlobalSection(ExtensibilityGlobals) = postSolution
		SolutionGuid = {A1C7C1AA-2E78-4123-8127-D6937D008041}
	EndGlobalSection
EndGlobal
